<Solution>
  <Project Path="ArcadeApp.UI/ArcadeApp.UI.csproj" />
  <Project Path="ArcadeApp.Mobile/ArcadeApp.Mobile.csproj" />
  <Project Path="ArcadeApp.Core/ArcadeApp.Core.csproj" />
  <Project Path="ArcadeApp.Database/ArcadeApp.Database.csproj" />
  <Project Path="ArcadeApp.Backend/ArcadeApp.Backend.csproj" />
</Solution>
